// !$*UTF8*$!
{
	archiveVersion = 1;
	classes = {
	};
	objectVersion = 46;
	objects = {

/* Begin PBXBuildFile section */
		6DD626611D9B2CBD00B184B8 /* fan.cpp in Sources */ = {isa = PBXBuildFile; fileRef = 6DD626601D9B2CBD00B184B8 /* fan.cpp */; };
		6DD626651D9DC0C100B184B8 /* QuadraticEquation.cpp in Sources */ = {isa = PBXBuildFile; fileRef = 6DD626631D9DC0C100B184B8 /* QuadraticEquation.cpp */; };
		6DD626671D9ED82800B184B8 /* EvenNumber.cpp in Sources */ = {isa = PBXBuildFile; fileRef = 6DD626661D9ED82800B184B8 /* EvenNumber.cpp */; };
		6DD674621D987EDB00BF5B72 /* main.cpp in Sources */ = {isa = PBXBuildFile; fileRef = 6DD674611D987EDB00BF5B72 /* main.cpp */; };
/* End PBXBuildFile section */

/* Begin PBXCopyFilesBuildPhase section */
		6DD6745C1D987EDB00BF5B72 /* CopyFiles */ = {
			isa = PBXCopyFilesBuildPhase;
			buildActionMask = 2147483647;
			dstPath = /usr/share/man/man1/;
			dstSubfolderSpec = 0;
			files = (
			);
			runOnlyForDeploymentPostprocessing = 1;
		};
/* End PBXCopyFilesBuildPhase section */

/* Begin PBXFileReference section */
		6DD626331D99C7CD00B184B8 /* fan.h */ = {isa = PBXFileReference; lastKnownFileType = sourcecode.c.h; path = fan.h; sourceTree = "<group>"; };
		6DD626601D9B2CBD00B184B8 /* fan.cpp */ = {isa = PBXFileReference; fileEncoding = 4; lastKnownFileType = sourcecode.cpp.cpp; path = fan.cpp; sourceTree = "<group>"; };
		6DD626621D9DC09800B184B8 /* QuadraticEquation.h */ = {isa = PBXFileReference; lastKnownFileType = sourcecode.c.h; path = QuadraticEquation.h; sourceTree = "<group>"; };
		6DD626631D9DC0C100B184B8 /* QuadraticEquation.cpp */ = {isa = PBXFileReference; fileEncoding = 4; lastKnownFileType = sourcecode.cpp.cpp; path = QuadraticEquation.cpp; sourceTree = "<group>"; };
		6DD626661D9ED82800B184B8 /* EvenNumber.cpp */ = {isa = PBXFileReference; fileEncoding = 4; lastKnownFileType = sourcecode.cpp.cpp; path = EvenNumber.cpp; sourceTree = "<group>"; };
		6DD626681D9ED83700B184B8 /* EvenNumber.h */ = {isa = PBXFileReference; lastKnownFileType = sourcecode.c.h; path = EvenNumber.h; sourceTree = "<group>"; };
		6DD6745E1D987EDB00BF5B72 /* HW 02 */ = {isa = PBXFileReference; explicitFileType = "compiled.mach-o.executable"; includeInIndex = 0; path = "HW 02"; sourceTree = BUILT_PRODUCTS_DIR; };
		6DD674611D987EDB00BF5B72 /* main.cpp */ = {isa = PBXFileReference; lastKnownFileType = sourcecode.cpp.cpp; path = main.cpp; sourceTree = "<group>"; };
/* End PBXFileReference section */

/* Begin PBXFrameworksBuildPhase section */
		6DD6745B1D987EDB00BF5B72 /* Frameworks */ = {
			isa = PBXFrameworksBuildPhase;
			buildActionMask = 2147483647;
			files = (
			);
			runOnlyForDeploymentPostprocessing = 0;
		};
/* End PBXFrameworksBuildPhase section */

/* Begin PBXGroup section */
		6DD674551D987EDB00BF5B72 = {
			isa = PBXGroup;
			children = (
				6DD674601D987EDB00BF5B72 /* HW 02 */,
				6DD6745F1D987EDB00BF5B72 /* Products */,
			);
			sourceTree = "<group>";
		};
		6DD6745F1D987EDB00BF5B72 /* Products */ = {
			isa = PBXGroup;
			children = (
				6DD6745E1D987EDB00BF5B72 /* HW 02 */,
			);
			name = Products;
			sourceTree = "<group>";
		};
		6DD674601D987EDB00BF5B72 /* HW 02 */ = {
			isa = PBXGroup;
			children = (
				6DD674611D987EDB00BF5B72 /* main.cpp */,
				6DD626331D99C7CD00B184B8 /* fan.h */,
				6DD626601D9B2CBD00B184B8 /* fan.cpp */,
				6DD626621D9DC09800B184B8 /* QuadraticEquation.h */,
				6DD626631D9DC0C100B184B8 /* QuadraticEquation.cpp */,
				6DD626681D9ED83700B184B8 /* EvenNumber.h */,
				6DD626661D9ED82800B184B8 /* EvenNumber.cpp */,
			);
			path = "HW 02";
			sourceTree = "<group>";
		};
/* End PBXGroup section */

/* Begin PBXNativeTarget section */
		6DD6745D1D987EDB00BF5B72 /* HW 02 */ = {
			isa = PBXNativeTarget;
			buildConfigurationList = 6DD674651D987EDB00BF5B72 /* Build configuration list for PBXNativeTarget "HW 02" */;
			buildPhases = (
				6DD6745A1D987EDB00BF5B72 /* Sources */,
				6DD6745B1D987EDB00BF5B72 /* Frameworks */,
				6DD6745C1D987EDB00BF5B72 /* CopyFiles */,
			);
			buildRules = (
			);
			dependencies = (
			);
			name = "HW 02";
			productName = "HW 02";
			productReference = 6DD6745E1D987EDB00BF5B72 /* HW 02 */;
			productType = "com.apple.product-type.tool";
		};
/* End PBXNativeTarget section */

/* Begin PBXProject section */
		6DD674561D987EDB00BF5B72 /* Project object */ = {
			isa = PBXProject;
			attributes = {
				LastUpgradeCheck = 0720;
				ORGANIZATIONNAME = "Eric Klicker";
				TargetAttributes = {
					6DD6745D1D987EDB00BF5B72 = {
						CreatedOnToolsVersion = 7.2.1;
					};
				};
			};
			buildConfigurationList = 6DD674591D987EDB00BF5B72 /* Build configuration list for PBXProject "HW 02" */;
			compatibilityVersion = "Xcode 3.2";
			developmentRegion = English;
			hasScannedForEncodings = 0;
			knownRegions = (
				en,
			);
			mainGroup = 6DD674551D987EDB00BF5B72;
			productRefGroup = 6DD6745F1D987EDB00BF5B72 /* Products */;
			projectDirPath = "";
			projectRoot = "";
			targets = (
				6DD6745D1D987EDB00BF5B72 /* HW 02 */,
			);
		};
/* End PBXProject section */

/* Begin PBXSourcesBuildPhase section */
		6DD6745A1D987EDB00BF5B72 /* Sources */ = {
			isa = PBXSourcesBuildPhase;
			buildActionMask = 2147483647;
			files = (
				6DD674621D987EDB00BF5B72 /* main.cpp in Sources */,
				6DD626651D9DC0C100B184B8 /* QuadraticEquation.cpp in Sources */,
				6DD626671D9ED82800B184B8 /* EvenNumber.cpp in Sources */,
				6DD626611D9B2CBD00B184B8 /* fan.cpp in Sources */,
			);
			runOnlyForDeploymentPostprocessing = 0;
		};
/* End PBXSourcesBuildPhase section */

/* Begin XCBuildConfiguration section */
		6DD674631D987EDB00BF5B72 /* Debug */ = {
			isa = XCBuildConfiguration;
			buildSettings = {
				ALWAYS_SEARCH_USER_PATHS = NO;
				CLANG_CXX_LANGUAGE_STANDARD = "gnu++0x";
				CLANG_CXX_LIBRARY = "libc++";
				CLANG_ENABLE_MODULES = YES;
				CLANG_ENABLE_OBJC_ARC = YES;
				CLANG_WARN_BOOL_CONVERSION = YES;
				CLANG_WARN_CONSTANT_CONVERSION = YES;
				CLANG_WARN_DIRECT_OBJC_ISA_USAGE = YES_ERROR;
				CLANG_WARN_EMPTY_BODY = YES;
				CLANG_WARN_ENUM_CONVERSION = YES;
				CLANG_WARN_INT_CONVERSION = YES;
				CLANG_WARN_OBJC_ROOT_CLASS = YES_ERROR;
				CLANG_WARN_UNREACHABLE_CODE = YES;
				CLANG_WARN__DUPLICATE_METHOD_MATCH = YES;
				CODE_SIGN_IDENTITY = "-";
				COPY_PHASE_STRIP = NO;
				DEBUG_INFORMATION_FORMAT = dwarf;
				ENABLE_STRICT_OBJC_MSGSEND = YES;
				ENABLE_TESTABILITY = YES;
				GCC_C_LANGUAGE_STANDARD = gnu99;
				GCC_DYNAMIC_NO_PIC = NO;
				GCC_NO_COMMON_BLOCKS = YES;
				GCC_OPTIMIZATION_LEVEL = 0;
				GCC_PREPROCESSOR_DEFINITIONS = (
					"DEBUG=1",
					"$(inherited)",
				);
				GCC_WARN_64_TO_32_BIT_CONVERSION = YES;
				GCC_WARN_ABOUT_RETURN_TYPE = YES_ERROR;
				GCC_WARN_UNDECLARED_SELECTOR = YES;
				GCC_WARN_UNINITIALIZED_AUTOS = YES_AGGRESSIVE;
				GCC_WARN_UNUSED_FUNCTION = YES;
				GCC_WARN_UNUSED_VARIABLE = YES;
				MACOSX_DEPLOYMENT_TARGET = 10.10;
				MTL_ENABLE_DEBUG_INFO = YES;
				ONLY_ACTIVE_ARCH = YES;
				SDKROOT = macosx;
			};
			name = Debug;
		};
		6DD674641D987EDB00BF5B72 /* Release */ = {
			isa = XCBuildConfiguration;
			buildSettings = {
				ALWAYS_SEARCH_USER_PATHS = NO;
				CLANG_CXX_LANGUAGE_STANDARD = "gnu++0x";
				CLANG_CXX_LIBRARY = "libc++";
				CLANG_ENABLE_MODULES = YES;
				CLANG_ENABLE_OBJC_ARC = YES;
				CLANG_WARN_BOOL_CONVERSION = YES;
				CLANG_WARN_CONSTANT_CONVERSION = YES;
				CLANG_WARN_DIRECT_OBJC_ISA_USAGE = YES_ERROR;
				CLANG_WARN_EMPTY_BODY = YES;
				CLANG_WARN_ENUM_CONVERSION = YES;
				CLANG_WARN_INT_CONVERSION = YES;
				CLANG_WARN_OBJC_ROOT_CLASS = YES_ERROR;
				CLANG_WARN_UNREACHABLE_CODE = YES;
				CLANG_WARN__DUPLICATE_METHOD_MATCH = YES;
				CODE_SIGN_IDENTITY = "-";
				COPY_PHASE_STRIP = NO;
				DEBUG_INFORMATION_FORMAT = "dwarf-with-dsym";
				ENABLE_NS_ASSERTIONS = NO;
				ENABLE_STRICT_OBJC_MSGSEND = YES;
				GCC_C_LANGUAGE_STANDARD = gnu99;
				GCC_NO_COMMON_BLOCKS = YES;
				GCC_WARN_64_TO_32_BIT_CONVERSION = YES;
				GCC_WARN_ABOUT_RETURN_TYPE = YES_ERROR;
				GCC_WARN_UNDECLARED_SELECTOR = YES;
				GCC_WARN_UNINITIALIZED_AUTOS = YES_AGGRESSIVE;
				GCC_WARN_UNUSED_FUNCTION = YES;
				GCC_WARN_UNUSED_VARIABLE = YES;
				MACOSX_DEPLOYMENT_TARGET = 10.10;
				MTL_ENABLE_DEBUG_INFO = NO;
				SDKROOT = macosx;
			};
			name = Release;
		};
		6DD674661D987EDB00BF5B72 /* Debug */ = {
			isa = XCBuildConfiguration;
			buildSettings = {
				PRODUCT_NAME = "$(TARGET_NAME)";
			};
			name = Debug;
		};
		6DD674671D987EDB00BF5B72 /* Release */ = {
			isa = XCBuildConfiguration;
			buildSettings = {
				PRODUCT_NAME = "$(TARGET_NAME)";
			};
			name = Release;
		};
/* End XCBuildConfiguration section */

/* Begin XCConfigurationList section */
		6DD674591D987EDB00BF5B72 /* Build configuration list for PBXProject "HW 02" */ = {
			isa = XCConfigurationList;
			buildConfigurations = (
				6DD674631D987EDB00BF5B72 /* Debug */,
				6DD674641D987EDB00BF5B72 /* Release */,
			);
			defaultConfigurationIsVisible = 0;
			defaultConfigurationName = Release;
		};
		6DD674651D987EDB00BF5B72 /* Build configuration list for PBXNativeTarget "HW 02" */ = {
			isa = XCConfigurationList;
			buildConfigurations = (
				6DD674661D987EDB00BF5B72 /* Debug */,
				6DD674671D987EDB00BF5B72 /* Release */,
			);
			defaultConfigurationIsVisible = 0;
			defaultConfigurationName = Release;
		};
/* End XCConfigurationList section */
	};
	rootObject = 6DD674561D987EDB00BF5B72 /* Project object */;
}
